// !$*UTF8*$!
{
	archiveVersion = 1;
	classes = {
	};
	objectVersion = 48;
	objects = {

/* Begin PBXBuildFile section */
		4818357420BFF05300D444AC /* default_v1.0.realm in Resources */ = {isa = PBXBuildFile; fileRef = 4818357320BFF00200D444AC /* default_v1.0.realm */; };
		4818357620BFF53700D444AC /* GroupCell.swift in Sources */ = {isa = PBXBuildFile; fileRef = 4818357520BFF53700D444AC /* GroupCell.swift */; };
		4818357B20C13A2F00D444AC /* IssueViewController.swift in Sources */ = {isa = PBXBuildFile; fileRef = 4818357A20C13A2F00D444AC /* IssueViewController.swift */; };
		4818357D20C13A3900D444AC /* IssueViewModel.swift in Sources */ = {isa = PBXBuildFile; fileRef = 4818357C20C13A3900D444AC /* IssueViewModel.swift */; };
		4818358120C13D0900D444AC /* SyncViewController.swift in Sources */ = {isa = PBXBuildFile; fileRef = 4818358020C13D0900D444AC /* SyncViewController.swift */; };
		4818358320C13D1500D444AC /* SyncViewModel.swift in Sources */ = {isa = PBXBuildFile; fileRef = 4818358220C13D1500D444AC /* SyncViewModel.swift */; };
		4818358520C3A82F00D444AC /* IssueDetailViewController.swift in Sources */ = {isa = PBXBuildFile; fileRef = 4818358420C3A82F00D444AC /* IssueDetailViewController.swift */; };
		4818358720C3A83B00D444AC /* IssueDetailViewModel.swift in Sources */ = {isa = PBXBuildFile; fileRef = 4818358620C3A83B00D444AC /* IssueDetailViewModel.swift */; };
		4818358A20C3AF1700D444AC /* GoBackable.swift in Sources */ = {isa = PBXBuildFile; fileRef = 4818358920C3AF1700D444AC /* GoBackable.swift */; };
		4818358F20C52D1000D444AC /* PopupViewController.swift in Sources */ = {isa = PBXBuildFile; fileRef = 4818358E20C52D1000D444AC /* PopupViewController.swift */; };
		4824A90020D8F3F700A30FFC /* EmptyView.swift in Sources */ = {isa = PBXBuildFile; fileRef = 4824A8FF20D8F3F700A30FFC /* EmptyView.swift */; };
		4842DB2320592B590093B496 /* UIColor.swift in Sources */ = {isa = PBXBuildFile; fileRef = 4842DB2220592B590093B496 /* UIColor.swift */; };
		4842DB272059348B0093B496 /* TagSection.swift in Sources */ = {isa = PBXBuildFile; fileRef = 4842DB262059348B0093B496 /* TagSection.swift */; };
		4842DB2920596A610093B496 /* Tag.swift in Sources */ = {isa = PBXBuildFile; fileRef = 4842DB2820596A610093B496 /* Tag.swift */; };
		4846BA7A20C80C520088362B /* CarouselCell.swift in Sources */ = {isa = PBXBuildFile; fileRef = 4846BA7920C80C520088362B /* CarouselCell.swift */; };
		48480A1C205FA1DB004ED59A /* RealmConfig.swift in Sources */ = {isa = PBXBuildFile; fileRef = 48480A1B205FA1DB004ED59A /* RealmConfig.swift */; };
		48480A1E205FA511004ED59A /* URL.swift in Sources */ = {isa = PBXBuildFile; fileRef = 48480A1D205FA511004ED59A /* URL.swift */; };
		4848EC052047F68200B59315 /* TaskSection.swift in Sources */ = {isa = PBXBuildFile; fileRef = 4848EC042047F68200B59315 /* TaskSection.swift */; };
		4848EC11204A87E600B59315 /* User.swift in Sources */ = {isa = PBXBuildFile; fileRef = 4848EC10204A87E600B59315 /* User.swift */; };
		4848EC13204A8A2B00B59315 /* SyncService.swift in Sources */ = {isa = PBXBuildFile; fileRef = 4848EC12204A8A2B00B59315 /* SyncService.swift */; };
		4848EC15204A8C5200B59315 /* Repository.swift in Sources */ = {isa = PBXBuildFile; fileRef = 4848EC14204A8C5200B59315 /* Repository.swift */; };
		4852A0E120CBC0650016C777 /* SlideInPresentationAnimator.swift in Sources */ = {isa = PBXBuildFile; fileRef = 4852A0E020CBC0650016C777 /* SlideInPresentationAnimator.swift */; };
		485CA44B20BFBDAD0005D156 /* RepositoryViewController.swift in Sources */ = {isa = PBXBuildFile; fileRef = 485CA44A20BFBDAD0005D156 /* RepositoryViewController.swift */; };
		485CA44D20BFBE1D0005D156 /* RepositoryViewModel.swift in Sources */ = {isa = PBXBuildFile; fileRef = 485CA44C20BFBE1D0005D156 /* RepositoryViewModel.swift */; };
		485DBD48207CC57600AF5CC2 /* UINavigationController.swift in Sources */ = {isa = PBXBuildFile; fileRef = 485DBD47207CC57600AF5CC2 /* UINavigationController.swift */; };
		48679FD0208F443A00A6ECDA /* String.swift in Sources */ = {isa = PBXBuildFile; fileRef = 48679FCF208F443A00A6ECDA /* String.swift */; };
		48679FD2208F46B000A6ECDA /* Date.swift in Sources */ = {isa = PBXBuildFile; fileRef = 48679FD1208F46B000A6ECDA /* Date.swift */; };
		487A8F9A20636BF5001E5BD4 /* SubTask.swift in Sources */ = {isa = PBXBuildFile; fileRef = 487A8F9920636BF5001E5BD4 /* SubTask.swift */; };
		487A8F9C206389E9001E5BD4 /* CircleProgressView.swift in Sources */ = {isa = PBXBuildFile; fileRef = 487A8F9B206389E9001E5BD4 /* CircleProgressView.swift */; };
		487D91EB20453735008CB44E /* AppDelegate.swift in Sources */ = {isa = PBXBuildFile; fileRef = 487D91EA20453735008CB44E /* AppDelegate.swift */; };
		487D91F220453736008CB44E /* Assets.xcassets in Resources */ = {isa = PBXBuildFile; fileRef = 487D91F120453736008CB44E /* Assets.xcassets */; };
		487D91F520453736008CB44E /* LaunchScreen.storyboard in Resources */ = {isa = PBXBuildFile; fileRef = 487D91F320453736008CB44E /* LaunchScreen.storyboard */; };
		487D921520453808008CB44E /* BindableType.swift in Sources */ = {isa = PBXBuildFile; fileRef = 487D921420453808008CB44E /* BindableType.swift */; };
		487D921920453F15008CB44E /* Scene.swift in Sources */ = {isa = PBXBuildFile; fileRef = 487D921820453F15008CB44E /* Scene.swift */; };
		487D921B20453F5D008CB44E /* AuthViewController.swift in Sources */ = {isa = PBXBuildFile; fileRef = 487D921A20453F5D008CB44E /* AuthViewController.swift */; };
		487D92232045411D008CB44E /* SceneCoordinatorType.swift in Sources */ = {isa = PBXBuildFile; fileRef = 487D92222045411D008CB44E /* SceneCoordinatorType.swift */; };
		487D922520454135008CB44E /* SceneCoordinator.swift in Sources */ = {isa = PBXBuildFile; fileRef = 487D922420454135008CB44E /* SceneCoordinator.swift */; };
		487D922720454142008CB44E /* SceneTransitionType.swift in Sources */ = {isa = PBXBuildFile; fileRef = 487D922620454142008CB44E /* SceneTransitionType.swift */; };
		487D9229204542A8008CB44E /* LocalTaskService.swift in Sources */ = {isa = PBXBuildFile; fileRef = 487D9228204542A8008CB44E /* LocalTaskService.swift */; };
		487D922E20454421008CB44E /* IssueService.swift in Sources */ = {isa = PBXBuildFile; fileRef = 487D922D20454421008CB44E /* IssueService.swift */; };
		487D923020454473008CB44E /* AuthService.swift in Sources */ = {isa = PBXBuildFile; fileRef = 487D922F20454473008CB44E /* AuthService.swift */; };
		487D9233204547DC008CB44E /* UserDefaults.swift in Sources */ = {isa = PBXBuildFile; fileRef = 487D9232204547DC008CB44E /* UserDefaults.swift */; };
		487D923520454811008CB44E /* Token.swift in Sources */ = {isa = PBXBuildFile; fileRef = 487D923420454811008CB44E /* Token.swift */; };
		487D923A20458E79008CB44E /* RxReachability.swift in Sources */ = {isa = PBXBuildFile; fileRef = 487D923920458E79008CB44E /* RxReachability.swift */; };
		487D923C2046B603008CB44E /* TaskItem.swift in Sources */ = {isa = PBXBuildFile; fileRef = 487D923B2046B603008CB44E /* TaskItem.swift */; };
		487D92422046BECD008CB44E /* IssueAPI.swift in Sources */ = {isa = PBXBuildFile; fileRef = 487D92412046BECD008CB44E /* IssueAPI.swift */; };
		487D92452046C9B6008CB44E /* TaskCell.swift in Sources */ = {isa = PBXBuildFile; fileRef = 487D92442046C9B6008CB44E /* TaskCell.swift */; };
		488368142084FD8F001F5688 /* Assignee.swift in Sources */ = {isa = PBXBuildFile; fileRef = 488368132084FD8F001F5688 /* Assignee.swift */; };
		4883681620850085001F5688 /* Label.swift in Sources */ = {isa = PBXBuildFile; fileRef = 4883681520850085001F5688 /* Label.swift */; };
		488368182085733A001F5688 /* LocalRepository.swift in Sources */ = {isa = PBXBuildFile; fileRef = 488368172085733A001F5688 /* LocalRepository.swift */; };
		4883681A2085EBC9001F5688 /* TotalSection.swift in Sources */ = {isa = PBXBuildFile; fileRef = 488368192085EBC9001F5688 /* TotalSection.swift */; };
		48912A7C206B693100599CB6 /* SubTaskCell.swift in Sources */ = {isa = PBXBuildFile; fileRef = 48912A7B206B693100599CB6 /* SubTaskCell.swift */; };
		48912A7E206B9DFE00599CB6 /* NewTaskCell.swift in Sources */ = {isa = PBXBuildFile; fileRef = 48912A7D206B9DFE00599CB6 /* NewTaskCell.swift */; };
		48DBF6B720CA6A8A00A95FC5 /* SlideInPresentationManager.swift in Sources */ = {isa = PBXBuildFile; fileRef = 48DBF6B620CA6A8A00A95FC5 /* SlideInPresentationManager.swift */; };
		48DBF6B920CA6E2000A95FC5 /* SlideInPresentationController.swift in Sources */ = {isa = PBXBuildFile; fileRef = 48DBF6B820CA6E2000A95FC5 /* SlideInPresentationController.swift */; };
		48ECD235206CC2D100D3EDFF /* SubTagCell.swift in Sources */ = {isa = PBXBuildFile; fileRef = 48ECD234206CC2D100D3EDFF /* SubTagCell.swift */; };
		5459BD2A6B31540055269472 /* Pods_Asparagus.framework in Frameworks */ = {isa = PBXBuildFile; fileRef = 89D8923D6187F3074ED7CAF6 /* Pods_Asparagus.framework */; };
		C16A11E4450F3841B9AD2DD0 /* Pods_AsparagusTests.framework in Frameworks */ = {isa = PBXBuildFile; fileRef = 6957BCB8DA9581D93B207EB8 /* Pods_AsparagusTests.framework */; };
/* End PBXBuildFile section */

/* Begin PBXContainerItemProxy section */
		487D91FC20453736008CB44E /* PBXContainerItemProxy */ = {
			isa = PBXContainerItemProxy;
			containerPortal = 487D91DF20453735008CB44E /* Project object */;
			proxyType = 1;
			remoteGlobalIDString = 487D91E620453735008CB44E;
			remoteInfo = HereIssue;
		};
/* End PBXContainerItemProxy section */

/* Begin PBXFileReference section */
		4818357320BFF00200D444AC /* default_v1.0.realm */ = {isa = PBXFileReference; lastKnownFileType = file; path = default_v1.0.realm; sourceTree = "<group>"; };
		4818357520BFF53700D444AC /* GroupCell.swift */ = {isa = PBXFileReference; lastKnownFileType = sourcecode.swift; path = GroupCell.swift; sourceTree = "<group>"; };
		4818357A20C13A2F00D444AC /* IssueViewController.swift */ = {isa = PBXFileReference; lastKnownFileType = sourcecode.swift; path = IssueViewController.swift; sourceTree = "<group>"; };
		4818357C20C13A3900D444AC /* IssueViewModel.swift */ = {isa = PBXFileReference; lastKnownFileType = sourcecode.swift; path = IssueViewModel.swift; sourceTree = "<group>"; };
		4818358020C13D0900D444AC /* SyncViewController.swift */ = {isa = PBXFileReference; lastKnownFileType = sourcecode.swift; path = SyncViewController.swift; sourceTree = "<group>"; };
		4818358220C13D1500D444AC /* SyncViewModel.swift */ = {isa = PBXFileReference; lastKnownFileType = sourcecode.swift; path = SyncViewModel.swift; sourceTree = "<group>"; };
		4818358420C3A82F00D444AC /* IssueDetailViewController.swift */ = {isa = PBXFileReference; lastKnownFileType = sourcecode.swift; path = IssueDetailViewController.swift; sourceTree = "<group>"; };
		4818358620C3A83B00D444AC /* IssueDetailViewModel.swift */ = {isa = PBXFileReference; lastKnownFileType = sourcecode.swift; path = IssueDetailViewModel.swift; sourceTree = "<group>"; };
		4818358920C3AF1700D444AC /* GoBackable.swift */ = {isa = PBXFileReference; lastKnownFileType = sourcecode.swift; path = GoBackable.swift; sourceTree = "<group>"; };
		4818358E20C52D1000D444AC /* PopupViewController.swift */ = {isa = PBXFileReference; lastKnownFileType = sourcecode.swift; path = PopupViewController.swift; sourceTree = "<group>"; };
		4824A8FF20D8F3F700A30FFC /* EmptyView.swift */ = {isa = PBXFileReference; lastKnownFileType = sourcecode.swift; path = EmptyView.swift; sourceTree = "<group>"; };
		4842DB2220592B590093B496 /* UIColor.swift */ = {isa = PBXFileReference; lastKnownFileType = sourcecode.swift; path = UIColor.swift; sourceTree = "<group>"; };
		4842DB262059348B0093B496 /* TagSection.swift */ = {isa = PBXFileReference; lastKnownFileType = sourcecode.swift; path = TagSection.swift; sourceTree = "<group>"; };
		4842DB2820596A610093B496 /* Tag.swift */ = {isa = PBXFileReference; lastKnownFileType = sourcecode.swift; path = Tag.swift; sourceTree = "<group>"; };
		4846BA7920C80C520088362B /* CarouselCell.swift */ = {isa = PBXFileReference; lastKnownFileType = sourcecode.swift; path = CarouselCell.swift; sourceTree = "<group>"; };
		48480A1B205FA1DB004ED59A /* RealmConfig.swift */ = {isa = PBXFileReference; lastKnownFileType = sourcecode.swift; path = RealmConfig.swift; sourceTree = "<group>"; };
		48480A1D205FA511004ED59A /* URL.swift */ = {isa = PBXFileReference; lastKnownFileType = sourcecode.swift; path = URL.swift; sourceTree = "<group>"; };
		4848EC042047F68200B59315 /* TaskSection.swift */ = {isa = PBXFileReference; lastKnownFileType = sourcecode.swift; path = TaskSection.swift; sourceTree = "<group>"; };
		4848EC10204A87E600B59315 /* User.swift */ = {isa = PBXFileReference; lastKnownFileType = sourcecode.swift; path = User.swift; sourceTree = "<group>"; };
		4848EC12204A8A2B00B59315 /* SyncService.swift */ = {isa = PBXFileReference; lastKnownFileType = sourcecode.swift; path = SyncService.swift; sourceTree = "<group>"; };
		4848EC14204A8C5200B59315 /* Repository.swift */ = {isa = PBXFileReference; lastKnownFileType = sourcecode.swift; path = Repository.swift; sourceTree = "<group>"; };
		4852A0E020CBC0650016C777 /* SlideInPresentationAnimator.swift */ = {isa = PBXFileReference; lastKnownFileType = sourcecode.swift; path = SlideInPresentationAnimator.swift; sourceTree = "<group>"; };
		485CA44A20BFBDAD0005D156 /* RepositoryViewController.swift */ = {isa = PBXFileReference; lastKnownFileType = sourcecode.swift; path = RepositoryViewController.swift; sourceTree = "<group>"; };
		485CA44C20BFBE1D0005D156 /* RepositoryViewModel.swift */ = {isa = PBXFileReference; lastKnownFileType = sourcecode.swift; path = RepositoryViewModel.swift; sourceTree = "<group>"; };
		485DBD47207CC57600AF5CC2 /* UINavigationController.swift */ = {isa = PBXFileReference; lastKnownFileType = sourcecode.swift; path = UINavigationController.swift; sourceTree = "<group>"; };
		48679FCF208F443A00A6ECDA /* String.swift */ = {isa = PBXFileReference; lastKnownFileType = sourcecode.swift; path = String.swift; sourceTree = "<group>"; };
		48679FD1208F46B000A6ECDA /* Date.swift */ = {isa = PBXFileReference; lastKnownFileType = sourcecode.swift; path = Date.swift; sourceTree = "<group>"; };
		487A8F9920636BF5001E5BD4 /* SubTask.swift */ = {isa = PBXFileReference; lastKnownFileType = sourcecode.swift; path = SubTask.swift; sourceTree = "<group>"; };
		487A8F9B206389E9001E5BD4 /* CircleProgressView.swift */ = {isa = PBXFileReference; lastKnownFileType = sourcecode.swift; path = CircleProgressView.swift; sourceTree = "<group>"; };
		487D91E720453735008CB44E /* Asparagus.app */ = {isa = PBXFileReference; explicitFileType = wrapper.application; includeInIndex = 0; path = Asparagus.app; sourceTree = BUILT_PRODUCTS_DIR; };
		487D91EA20453735008CB44E /* AppDelegate.swift */ = {isa = PBXFileReference; lastKnownFileType = sourcecode.swift; path = AppDelegate.swift; sourceTree = "<group>"; };
		487D91F120453736008CB44E /* Assets.xcassets */ = {isa = PBXFileReference; lastKnownFileType = folder.assetcatalog; path = Assets.xcassets; sourceTree = "<group>"; };
		487D91F420453736008CB44E /* Base */ = {isa = PBXFileReference; lastKnownFileType = file.storyboard; name = Base; path = Base.lproj/LaunchScreen.storyboard; sourceTree = "<group>"; };
		487D91F620453736008CB44E /* Info.plist */ = {isa = PBXFileReference; lastKnownFileType = text.plist.xml; path = Info.plist; sourceTree = "<group>"; };
		487D91FB20453736008CB44E /* AsparagusTests.xctest */ = {isa = PBXFileReference; explicitFileType = wrapper.cfbundle; includeInIndex = 0; path = AsparagusTests.xctest; sourceTree = BUILT_PRODUCTS_DIR; };
		487D920120453736008CB44E /* Info.plist */ = {isa = PBXFileReference; lastKnownFileType = text.plist.xml; path = Info.plist; sourceTree = "<group>"; };
		487D921420453808008CB44E /* BindableType.swift */ = {isa = PBXFileReference; lastKnownFileType = sourcecode.swift; path = BindableType.swift; sourceTree = "<group>"; };
		487D921820453F15008CB44E /* Scene.swift */ = {isa = PBXFileReference; lastKnownFileType = sourcecode.swift; path = Scene.swift; sourceTree = "<group>"; };
		487D921A20453F5D008CB44E /* AuthViewController.swift */ = {isa = PBXFileReference; lastKnownFileType = sourcecode.swift; path = AuthViewController.swift; sourceTree = "<group>"; };
		487D92222045411D008CB44E /* SceneCoordinatorType.swift */ = {isa = PBXFileReference; lastKnownFileType = sourcecode.swift; path = SceneCoordinatorType.swift; sourceTree = "<group>"; };
		487D922420454135008CB44E /* SceneCoordinator.swift */ = {isa = PBXFileReference; lastKnownFileType = sourcecode.swift; path = SceneCoordinator.swift; sourceTree = "<group>"; };
		487D922620454142008CB44E /* SceneTransitionType.swift */ = {isa = PBXFileReference; lastKnownFileType = sourcecode.swift; path = SceneTransitionType.swift; sourceTree = "<group>"; };
		487D9228204542A8008CB44E /* LocalTaskService.swift */ = {isa = PBXFileReference; lastKnownFileType = sourcecode.swift; path = LocalTaskService.swift; sourceTree = "<group>"; };
		487D922D20454421008CB44E /* IssueService.swift */ = {isa = PBXFileReference; lastKnownFileType = sourcecode.swift; path = IssueService.swift; sourceTree = "<group>"; };
		487D922F20454473008CB44E /* AuthService.swift */ = {isa = PBXFileReference; lastKnownFileType = sourcecode.swift; path = AuthService.swift; sourceTree = "<group>"; };
		487D9232204547DC008CB44E /* UserDefaults.swift */ = {isa = PBXFileReference; lastKnownFileType = sourcecode.swift; path = UserDefaults.swift; sourceTree = "<group>"; };
		487D923420454811008CB44E /* Token.swift */ = {isa = PBXFileReference; lastKnownFileType = sourcecode.swift; path = Token.swift; sourceTree = "<group>"; };
		487D923920458E79008CB44E /* RxReachability.swift */ = {isa = PBXFileReference; lastKnownFileType = sourcecode.swift; path = RxReachability.swift; sourceTree = "<group>"; };
		487D923B2046B603008CB44E /* TaskItem.swift */ = {isa = PBXFileReference; lastKnownFileType = sourcecode.swift; path = TaskItem.swift; sourceTree = "<group>"; };
		487D92412046BECD008CB44E /* IssueAPI.swift */ = {isa = PBXFileReference; lastKnownFileType = sourcecode.swift; path = IssueAPI.swift; sourceTree = "<group>"; };
		487D92442046C9B6008CB44E /* TaskCell.swift */ = {isa = PBXFileReference; lastKnownFileType = sourcecode.swift; path = TaskCell.swift; sourceTree = "<group>"; };
		488368132084FD8F001F5688 /* Assignee.swift */ = {isa = PBXFileReference; lastKnownFileType = sourcecode.swift; path = Assignee.swift; sourceTree = "<group>"; };
		4883681520850085001F5688 /* Label.swift */ = {isa = PBXFileReference; lastKnownFileType = sourcecode.swift; path = Label.swift; sourceTree = "<group>"; };
		488368172085733A001F5688 /* LocalRepository.swift */ = {isa = PBXFileReference; lastKnownFileType = sourcecode.swift; path = LocalRepository.swift; sourceTree = "<group>"; };
		488368192085EBC9001F5688 /* TotalSection.swift */ = {isa = PBXFileReference; lastKnownFileType = sourcecode.swift; path = TotalSection.swift; sourceTree = "<group>"; };
		48912A7B206B693100599CB6 /* SubTaskCell.swift */ = {isa = PBXFileReference; lastKnownFileType = sourcecode.swift; path = SubTaskCell.swift; sourceTree = "<group>"; };
		48912A7D206B9DFE00599CB6 /* NewTaskCell.swift */ = {isa = PBXFileReference; lastKnownFileType = sourcecode.swift; path = NewTaskCell.swift; sourceTree = "<group>"; };
		48DBF6B620CA6A8A00A95FC5 /* SlideInPresentationManager.swift */ = {isa = PBXFileReference; lastKnownFileType = sourcecode.swift; path = SlideInPresentationManager.swift; sourceTree = "<group>"; };
		48DBF6B820CA6E2000A95FC5 /* SlideInPresentationController.swift */ = {isa = PBXFileReference; lastKnownFileType = sourcecode.swift; path = SlideInPresentationController.swift; sourceTree = "<group>"; };
		48ECD234206CC2D100D3EDFF /* SubTagCell.swift */ = {isa = PBXFileReference; lastKnownFileType = sourcecode.swift; path = SubTagCell.swift; sourceTree = "<group>"; };
		55500856096F4F18E140674D /* Pods-AsparagusTests.debug.xcconfig */ = {isa = PBXFileReference; includeInIndex = 1; lastKnownFileType = text.xcconfig; name = "Pods-AsparagusTests.debug.xcconfig"; path = "Pods/Target Support Files/Pods-AsparagusTests/Pods-AsparagusTests.debug.xcconfig"; sourceTree = "<group>"; };
		59D5D244A929E24EA7E1F6B2 /* Pods-Asparagus.release.xcconfig */ = {isa = PBXFileReference; includeInIndex = 1; lastKnownFileType = text.xcconfig; name = "Pods-Asparagus.release.xcconfig"; path = "Pods/Target Support Files/Pods-Asparagus/Pods-Asparagus.release.xcconfig"; sourceTree = "<group>"; };
		6957BCB8DA9581D93B207EB8 /* Pods_AsparagusTests.framework */ = {isa = PBXFileReference; explicitFileType = wrapper.framework; includeInIndex = 0; path = Pods_AsparagusTests.framework; sourceTree = BUILT_PRODUCTS_DIR; };
		89D8923D6187F3074ED7CAF6 /* Pods_Asparagus.framework */ = {isa = PBXFileReference; explicitFileType = wrapper.framework; includeInIndex = 0; path = Pods_Asparagus.framework; sourceTree = BUILT_PRODUCTS_DIR; };
		BB77B9EC75F133E035909F2F /* Pods-Asparagus.debug.xcconfig */ = {isa = PBXFileReference; includeInIndex = 1; lastKnownFileType = text.xcconfig; name = "Pods-Asparagus.debug.xcconfig"; path = "Pods/Target Support Files/Pods-Asparagus/Pods-Asparagus.debug.xcconfig"; sourceTree = "<group>"; };
		E54EC93D805BAAE31F0AEB68 /* Pods-AsparagusTests.release.xcconfig */ = {isa = PBXFileReference; includeInIndex = 1; lastKnownFileType = text.xcconfig; name = "Pods-AsparagusTests.release.xcconfig"; path = "Pods/Target Support Files/Pods-AsparagusTests/Pods-AsparagusTests.release.xcconfig"; sourceTree = "<group>"; };
/* End PBXFileReference section */

/* Begin PBXFrameworksBuildPhase section */
		487D91E420453735008CB44E /* Frameworks */ = {
			isa = PBXFrameworksBuildPhase;
			buildActionMask = 2147483647;
			files = (
				5459BD2A6B31540055269472 /* Pods_Asparagus.framework in Frameworks */,
			);
			runOnlyForDeploymentPostprocessing = 0;
		};
		487D91F820453736008CB44E /* Frameworks */ = {
			isa = PBXFrameworksBuildPhase;
			buildActionMask = 2147483647;
			files = (
				C16A11E4450F3841B9AD2DD0 /* Pods_AsparagusTests.framework in Frameworks */,
			);
			runOnlyForDeploymentPostprocessing = 0;
		};
/* End PBXFrameworksBuildPhase section */

/* Begin PBXGroup section */
		4818357720C1380200D444AC /* Issue */ = {
			isa = PBXGroup;
			children = (
				4818357A20C13A2F00D444AC /* IssueViewController.swift */,
				4818357C20C13A3900D444AC /* IssueViewModel.swift */,
			);
			path = Issue;
			sourceTree = "<group>";
		};
		4818357E20C13A4200D444AC /* IssueDetail */ = {
			isa = PBXGroup;
			children = (
				4818358420C3A82F00D444AC /* IssueDetailViewController.swift */,
				4818358620C3A83B00D444AC /* IssueDetailViewModel.swift */,
			);
			path = IssueDetail;
			sourceTree = "<group>";
		};
		4818357F20C13B3900D444AC /* Sync */ = {
			isa = PBXGroup;
			children = (
				4818358020C13D0900D444AC /* SyncViewController.swift */,
				487D921A20453F5D008CB44E /* AuthViewController.swift */,
				4818358220C13D1500D444AC /* SyncViewModel.swift */,
			);
			path = Sync;
			sourceTree = "<group>";
		};
		4818358820C3AEF300D444AC /* Protocols */ = {
			isa = PBXGroup;
			children = (
				4818358920C3AF1700D444AC /* GoBackable.swift */,
			);
			path = Protocols;
			sourceTree = "<group>";
		};
		4818358B20C52CB600D444AC /* Popup */ = {
			isa = PBXGroup;
			children = (
				4818358E20C52D1000D444AC /* PopupViewController.swift */,
			);
			path = Popup;
			sourceTree = "<group>";
		};
		48480A1F205FAABE004ED59A /* Assets */ = {
			isa = PBXGroup;
			children = (
				487D91F120453736008CB44E /* Assets.xcassets */,
				487D91F320453736008CB44E /* LaunchScreen.storyboard */,
				487D91F620453736008CB44E /* Info.plist */,
				4818357320BFF00200D444AC /* default_v1.0.realm */,
			);
			path = Assets;
			sourceTree = "<group>";
		};
		485CA44920BFBD8D0005D156 /* Repository */ = {
			isa = PBXGroup;
			children = (
				485CA44A20BFBDAD0005D156 /* RepositoryViewController.swift */,
				485CA44C20BFBE1D0005D156 /* RepositoryViewModel.swift */,
			);
			path = Repository;
			sourceTree = "<group>";
		};
		487D91DE20453735008CB44E = {
			isa = PBXGroup;
			children = (
				487D91E920453735008CB44E /* Asparagus */,
				487D91FE20453736008CB44E /* AsparagusTests */,
				487D91E820453735008CB44E /* Products */,
				55BD735F734FA0D1B2E9D4AA /* Pods */,
				6DD9FCFCCA59DE56602CDB50 /* Frameworks */,
			);
			sourceTree = "<group>";
		};
		487D91E820453735008CB44E /* Products */ = {
			isa = PBXGroup;
			children = (
				487D91E720453735008CB44E /* Asparagus.app */,
				487D91FB20453736008CB44E /* AsparagusTests.xctest */,
			);
			name = Products;
			path = ../../../../../../../../../Users/junwoo/dev/Asparagus;
			sourceTree = SDKROOT;
		};
		487D91E920453735008CB44E /* Asparagus */ = {
			isa = PBXGroup;
			children = (
				48480A1F205FAABE004ED59A /* Assets */,
				487D92432046C9AA008CB44E /* View */,
				487D9231204547C6008CB44E /* Extension */,
				487D922C204543E8008CB44E /* Service */,
				487D920E204537AC008CB44E /* Model */,
				487D920C2045377D008CB44E /* Scene */,
				487D920A2045375F008CB44E /* ViewController */,
				487D91EA20453735008CB44E /* AppDelegate.swift */,
			);
			path = Asparagus;
			sourceTree = "<group>";
		};
		487D91FE20453736008CB44E /* AsparagusTests */ = {
			isa = PBXGroup;
			children = (
				487D920120453736008CB44E /* Info.plist */,
			);
			path = AsparagusTests;
			sourceTree = "<group>";
		};
		487D920A2045375F008CB44E /* ViewController */ = {
			isa = PBXGroup;
			children = (
				4818358B20C52CB600D444AC /* Popup */,
				4818358820C3AEF300D444AC /* Protocols */,
				4818357F20C13B3900D444AC /* Sync */,
				4818357E20C13A4200D444AC /* IssueDetail */,
				4818357720C1380200D444AC /* Issue */,
				485CA44920BFBD8D0005D156 /* Repository */,
			);
			path = ViewController;
			sourceTree = "<group>";
		};
		487D920C2045377D008CB44E /* Scene */ = {
			isa = PBXGroup;
			children = (
				487D921820453F15008CB44E /* Scene.swift */,
				487D92222045411D008CB44E /* SceneCoordinatorType.swift */,
				487D922420454135008CB44E /* SceneCoordinator.swift */,
				487D922620454142008CB44E /* SceneTransitionType.swift */,
				48DBF6B620CA6A8A00A95FC5 /* SlideInPresentationManager.swift */,
				48DBF6B820CA6E2000A95FC5 /* SlideInPresentationController.swift */,
				4852A0E020CBC0650016C777 /* SlideInPresentationAnimator.swift */,
			);
			path = Scene;
			sourceTree = "<group>";
		};
		487D920E204537AC008CB44E /* Model */ = {
			isa = PBXGroup;
			children = (
				487D921420453808008CB44E /* BindableType.swift */,
				487D923420454811008CB44E /* Token.swift */,
				487D923B2046B603008CB44E /* TaskItem.swift */,
				4848EC042047F68200B59315 /* TaskSection.swift */,
				4848EC10204A87E600B59315 /* User.swift */,
				4848EC14204A8C5200B59315 /* Repository.swift */,
				4842DB262059348B0093B496 /* TagSection.swift */,
				4842DB2820596A610093B496 /* Tag.swift */,
				48480A1B205FA1DB004ED59A /* RealmConfig.swift */,
				487A8F9920636BF5001E5BD4 /* SubTask.swift */,
				488368132084FD8F001F5688 /* Assignee.swift */,
				4883681520850085001F5688 /* Label.swift */,
				488368172085733A001F5688 /* LocalRepository.swift */,
				488368192085EBC9001F5688 /* TotalSection.swift */,
			);
			path = Model;
			sourceTree = "<group>";
		};
		487D922C204543E8008CB44E /* Service */ = {
			isa = PBXGroup;
			children = (
				487D922D20454421008CB44E /* IssueService.swift */,
				487D922F20454473008CB44E /* AuthService.swift */,
				487D92412046BECD008CB44E /* IssueAPI.swift */,
				4848EC12204A8A2B00B59315 /* SyncService.swift */,
				487D9228204542A8008CB44E /* LocalTaskService.swift */,
			);
			path = Service;
			sourceTree = "<group>";
		};
		487D9231204547C6008CB44E /* Extension */ = {
			isa = PBXGroup;
			children = (
				487D9232204547DC008CB44E /* UserDefaults.swift */,
				487D923920458E79008CB44E /* RxReachability.swift */,
				4842DB2220592B590093B496 /* UIColor.swift */,
				48480A1D205FA511004ED59A /* URL.swift */,
				485DBD47207CC57600AF5CC2 /* UINavigationController.swift */,
				48679FCF208F443A00A6ECDA /* String.swift */,
				48679FD1208F46B000A6ECDA /* Date.swift */,
			);
			path = Extension;
			sourceTree = "<group>";
		};
		487D92432046C9AA008CB44E /* View */ = {
			isa = PBXGroup;
			children = (
				487D92442046C9B6008CB44E /* TaskCell.swift */,
				487A8F9B206389E9001E5BD4 /* CircleProgressView.swift */,
				48912A7B206B693100599CB6 /* SubTaskCell.swift */,
				48912A7D206B9DFE00599CB6 /* NewTaskCell.swift */,
				48ECD234206CC2D100D3EDFF /* SubTagCell.swift */,
				4818357520BFF53700D444AC /* GroupCell.swift */,
				4846BA7920C80C520088362B /* CarouselCell.swift */,
				4824A8FF20D8F3F700A30FFC /* EmptyView.swift */,
			);
			path = View;
			sourceTree = "<group>";
		};
		55BD735F734FA0D1B2E9D4AA /* Pods */ = {
			isa = PBXGroup;
			children = (
				BB77B9EC75F133E035909F2F /* Pods-Asparagus.debug.xcconfig */,
				59D5D244A929E24EA7E1F6B2 /* Pods-Asparagus.release.xcconfig */,
				55500856096F4F18E140674D /* Pods-AsparagusTests.debug.xcconfig */,
				E54EC93D805BAAE31F0AEB68 /* Pods-AsparagusTests.release.xcconfig */,
			);
			name = Pods;
			sourceTree = "<group>";
		};
		6DD9FCFCCA59DE56602CDB50 /* Frameworks */ = {
			isa = PBXGroup;
			children = (
				89D8923D6187F3074ED7CAF6 /* Pods_Asparagus.framework */,
				6957BCB8DA9581D93B207EB8 /* Pods_AsparagusTests.framework */,
			);
			name = Frameworks;
			sourceTree = "<group>";
		};
/* End PBXGroup section */

/* Begin PBXNativeTarget section */
		487D91E620453735008CB44E /* Asparagus */ = {
			isa = PBXNativeTarget;
			buildConfigurationList = 487D920420453736008CB44E /* Build configuration list for PBXNativeTarget "Asparagus" */;
			buildPhases = (
				792B2964BBA157227899E975 /* [CP] Check Pods Manifest.lock */,
				487D91E320453735008CB44E /* Sources */,
				487D91E420453735008CB44E /* Frameworks */,
				487D91E520453735008CB44E /* Resources */,
				60B6529CF8DC7EA64E744227 /* [CP] Embed Pods Frameworks */,
			);
			buildRules = (
			);
			dependencies = (
			);
			name = Asparagus;
			productName = HereIssue;
			productReference = 487D91E720453735008CB44E /* Asparagus.app */;
			productType = "com.apple.product-type.application";
		};
		487D91FA20453736008CB44E /* AsparagusTests */ = {
			isa = PBXNativeTarget;
			buildConfigurationList = 487D920720453736008CB44E /* Build configuration list for PBXNativeTarget "AsparagusTests" */;
			buildPhases = (
				7D09E760A297BCE8A0897808 /* [CP] Check Pods Manifest.lock */,
				487D91F720453736008CB44E /* Sources */,
				487D91F820453736008CB44E /* Frameworks */,
				487D91F920453736008CB44E /* Resources */,
				CCD64EC70234E16ED33212A2 /* [CP] Embed Pods Frameworks */,
			);
			buildRules = (
			);
			dependencies = (
				487D91FD20453736008CB44E /* PBXTargetDependency */,
			);
			name = AsparagusTests;
			productName = HereIssueTests;
			productReference = 487D91FB20453736008CB44E /* AsparagusTests.xctest */;
			productType = "com.apple.product-type.bundle.unit-test";
		};
/* End PBXNativeTarget section */

/* Begin PBXProject section */
		487D91DF20453735008CB44E /* Project object */ = {
			isa = PBXProject;
			attributes = {
				LastSwiftUpdateCheck = 0920;
				LastUpgradeCheck = 0930;
				ORGANIZATIONNAME = samchon;
				TargetAttributes = {
					487D91E620453735008CB44E = {
						CreatedOnToolsVersion = 9.2;
						ProvisioningStyle = Automatic;
					};
					487D91FA20453736008CB44E = {
						CreatedOnToolsVersion = 9.2;
						ProvisioningStyle = Automatic;
						TestTargetID = 487D91E620453735008CB44E;
					};
				};
			};
			buildConfigurationList = 487D91E220453735008CB44E /* Build configuration list for PBXProject "Asparagus" */;
			compatibilityVersion = "Xcode 8.0";
			developmentRegion = en;
			hasScannedForEncodings = 0;
			knownRegions = (
				en,
				Base,
			);
			mainGroup = 487D91DE20453735008CB44E;
			productRefGroup = 487D91E820453735008CB44E /* Products */;
			projectDirPath = "";
			projectRoot = "";
			targets = (
				487D91E620453735008CB44E /* Asparagus */,
				487D91FA20453736008CB44E /* AsparagusTests */,
			);
		};
/* End PBXProject section */

/* Begin PBXResourcesBuildPhase section */
		487D91E520453735008CB44E /* Resources */ = {
			isa = PBXResourcesBuildPhase;
			buildActionMask = 2147483647;
			files = (
				4818357420BFF05300D444AC /* default_v1.0.realm in Resources */,
				487D91F520453736008CB44E /* LaunchScreen.storyboard in Resources */,
				487D91F220453736008CB44E /* Assets.xcassets in Resources */,
			);
			runOnlyForDeploymentPostprocessing = 0;
		};
		487D91F920453736008CB44E /* Resources */ = {
			isa = PBXResourcesBuildPhase;
			buildActionMask = 2147483647;
			files = (
			);
			runOnlyForDeploymentPostprocessing = 0;
		};
/* End PBXResourcesBuildPhase section */

/* Begin PBXShellScriptBuildPhase section */
		60B6529CF8DC7EA64E744227 /* [CP] Embed Pods Frameworks */ = {
			isa = PBXShellScriptBuildPhase;
			buildActionMask = 2147483647;
			files = (
			);
			inputPaths = (
				"${SRCROOT}/Pods/Target Support Files/Pods-Asparagus/Pods-Asparagus-frameworks.sh",
				"${BUILT_PRODUCTS_DIR}/Action/Action.framework",
				"${BUILT_PRODUCTS_DIR}/Alamofire/Alamofire.framework",
				"${BUILT_PRODUCTS_DIR}/Differentiator/Differentiator.framework",
				"${BUILT_PRODUCTS_DIR}/Moya/Moya.framework",
				"${BUILT_PRODUCTS_DIR}/Realm/Realm.framework",
				"${BUILT_PRODUCTS_DIR}/RealmSwift/RealmSwift.framework",
				"${BUILT_PRODUCTS_DIR}/Result/Result.framework",
				"${PODS_ROOT}/Reveal-SDK/RevealServer-15/iOS/RevealServer.framework",
				"${BUILT_PRODUCTS_DIR}/RxCocoa/RxCocoa.framework",
				"${BUILT_PRODUCTS_DIR}/RxDataSources/RxDataSources.framework",
				"${BUILT_PRODUCTS_DIR}/RxGesture/RxGesture.framework",
				"${BUILT_PRODUCTS_DIR}/RxKeyboard/RxKeyboard.framework",
				"${BUILT_PRODUCTS_DIR}/RxRealm/RxRealm.framework",
				"${BUILT_PRODUCTS_DIR}/RxSwift/RxSwift.framework",
				"${BUILT_PRODUCTS_DIR}/SnapKit/SnapKit.framework",
			);
			name = "[CP] Embed Pods Frameworks";
			outputPaths = (
				"${TARGET_BUILD_DIR}/${FRAMEWORKS_FOLDER_PATH}/Action.framework",
				"${TARGET_BUILD_DIR}/${FRAMEWORKS_FOLDER_PATH}/Alamofire.framework",
				"${TARGET_BUILD_DIR}/${FRAMEWORKS_FOLDER_PATH}/Differentiator.framework",
				"${TARGET_BUILD_DIR}/${FRAMEWORKS_FOLDER_PATH}/Moya.framework",
				"${TARGET_BUILD_DIR}/${FRAMEWORKS_FOLDER_PATH}/Realm.framework",
				"${TARGET_BUILD_DIR}/${FRAMEWORKS_FOLDER_PATH}/RealmSwift.framework",
				"${TARGET_BUILD_DIR}/${FRAMEWORKS_FOLDER_PATH}/Result.framework",
				"${TARGET_BUILD_DIR}/${FRAMEWORKS_FOLDER_PATH}/RevealServer.framework",
				"${TARGET_BUILD_DIR}/${FRAMEWORKS_FOLDER_PATH}/RxCocoa.framework",
				"${TARGET_BUILD_DIR}/${FRAMEWORKS_FOLDER_PATH}/RxDataSources.framework",
				"${TARGET_BUILD_DIR}/${FRAMEWORKS_FOLDER_PATH}/RxGesture.framework",
				"${TARGET_BUILD_DIR}/${FRAMEWORKS_FOLDER_PATH}/RxKeyboard.framework",
				"${TARGET_BUILD_DIR}/${FRAMEWORKS_FOLDER_PATH}/RxRealm.framework",
				"${TARGET_BUILD_DIR}/${FRAMEWORKS_FOLDER_PATH}/RxSwift.framework",
				"${TARGET_BUILD_DIR}/${FRAMEWORKS_FOLDER_PATH}/SnapKit.framework",
			);
			runOnlyForDeploymentPostprocessing = 0;
			shellPath = /bin/sh;
			shellScript = "\"${SRCROOT}/Pods/Target Support Files/Pods-Asparagus/Pods-Asparagus-frameworks.sh\"\n";
			showEnvVarsInLog = 0;
		};
		792B2964BBA157227899E975 /* [CP] Check Pods Manifest.lock */ = {
			isa = PBXShellScriptBuildPhase;
			buildActionMask = 2147483647;
			files = (
			);
			inputPaths = (
				"${PODS_PODFILE_DIR_PATH}/Podfile.lock",
				"${PODS_ROOT}/Manifest.lock",
			);
			name = "[CP] Check Pods Manifest.lock";
			outputPaths = (
				"$(DERIVED_FILE_DIR)/Pods-Asparagus-checkManifestLockResult.txt",
			);
			runOnlyForDeploymentPostprocessing = 0;
			shellPath = /bin/sh;
			shellScript = "diff \"${PODS_PODFILE_DIR_PATH}/Podfile.lock\" \"${PODS_ROOT}/Manifest.lock\" > /dev/null\nif [ $? != 0 ] ; then\n    # print error to STDERR\n    echo \"error: The sandbox is not in sync with the Podfile.lock. Run 'pod install' or update your CocoaPods installation.\" >&2\n    exit 1\nfi\n# This output is used by Xcode 'outputs' to avoid re-running this script phase.\necho \"SUCCESS\" > \"${SCRIPT_OUTPUT_FILE_0}\"\n";
			showEnvVarsInLog = 0;
		};
		7D09E760A297BCE8A0897808 /* [CP] Check Pods Manifest.lock */ = {
			isa = PBXShellScriptBuildPhase;
			buildActionMask = 2147483647;
			files = (
			);
			inputPaths = (
				"${PODS_PODFILE_DIR_PATH}/Podfile.lock",
				"${PODS_ROOT}/Manifest.lock",
			);
			name = "[CP] Check Pods Manifest.lock";
			outputPaths = (
				"$(DERIVED_FILE_DIR)/Pods-AsparagusTests-checkManifestLockResult.txt",
			);
			runOnlyForDeploymentPostprocessing = 0;
			shellPath = /bin/sh;
			shellScript = "diff \"${PODS_PODFILE_DIR_PATH}/Podfile.lock\" \"${PODS_ROOT}/Manifest.lock\" > /dev/null\nif [ $? != 0 ] ; then\n    # print error to STDERR\n    echo \"error: The sandbox is not in sync with the Podfile.lock. Run 'pod install' or update your CocoaPods installation.\" >&2\n    exit 1\nfi\n# This output is used by Xcode 'outputs' to avoid re-running this script phase.\necho \"SUCCESS\" > \"${SCRIPT_OUTPUT_FILE_0}\"\n";
			showEnvVarsInLog = 0;
		};
		CCD64EC70234E16ED33212A2 /* [CP] Embed Pods Frameworks */ = {
			isa = PBXShellScriptBuildPhase;
			buildActionMask = 2147483647;
			files = (
			);
			inputPaths = (
				"${SRCROOT}/Pods/Target Support Files/Pods-AsparagusTests/Pods-AsparagusTests-frameworks.sh",
				"${BUILT_PRODUCTS_DIR}/RxSwift/RxSwift.framework",
				"${BUILT_PRODUCTS_DIR}/RxBlocking/RxBlocking.framework",
				"${BUILT_PRODUCTS_DIR}/RxTest/RxTest.framework",
			);
			name = "[CP] Embed Pods Frameworks";
			outputPaths = (
				"${TARGET_BUILD_DIR}/${FRAMEWORKS_FOLDER_PATH}/RxSwift.framework",
				"${TARGET_BUILD_DIR}/${FRAMEWORKS_FOLDER_PATH}/RxBlocking.framework",
				"${TARGET_BUILD_DIR}/${FRAMEWORKS_FOLDER_PATH}/RxTest.framework",
			);
			runOnlyForDeploymentPostprocessing = 0;
			shellPath = /bin/sh;
			shellScript = "\"${SRCROOT}/Pods/Target Support Files/Pods-AsparagusTests/Pods-AsparagusTests-frameworks.sh\"\n";
			showEnvVarsInLog = 0;
		};
/* End PBXShellScriptBuildPhase section */

/* Begin PBXSourcesBuildPhase section */
		487D91E320453735008CB44E /* Sources */ = {
			isa = PBXSourcesBuildPhase;
			buildActionMask = 2147483647;
			files = (
				4818357B20C13A2F00D444AC /* IssueViewController.swift in Sources */,
				487D921B20453F5D008CB44E /* AuthViewController.swift in Sources */,
				4818358A20C3AF1700D444AC /* GoBackable.swift in Sources */,
				488368142084FD8F001F5688 /* Assignee.swift in Sources */,
				485DBD48207CC57600AF5CC2 /* UINavigationController.swift in Sources */,
				4842DB2320592B590093B496 /* UIColor.swift in Sources */,
				48ECD235206CC2D100D3EDFF /* SubTagCell.swift in Sources */,
				48912A7E206B9DFE00599CB6 /* NewTaskCell.swift in Sources */,
				4848EC11204A87E600B59315 /* User.swift in Sources */,
				4824A90020D8F3F700A30FFC /* EmptyView.swift in Sources */,
				4852A0E120CBC0650016C777 /* SlideInPresentationAnimator.swift in Sources */,
				4846BA7A20C80C520088362B /* CarouselCell.swift in Sources */,
				48679FD0208F443A00A6ECDA /* String.swift in Sources */,
				48DBF6B920CA6E2000A95FC5 /* SlideInPresentationController.swift in Sources */,
				4848EC13204A8A2B00B59315 /* SyncService.swift in Sources */,
				4818358720C3A83B00D444AC /* IssueDetailViewModel.swift in Sources */,
				488368182085733A001F5688 /* LocalRepository.swift in Sources */,
				4818358F20C52D1000D444AC /* PopupViewController.swift in Sources */,
				4818358320C13D1500D444AC /* SyncViewModel.swift in Sources */,
				487D922E20454421008CB44E /* IssueService.swift in Sources */,
				48480A1C205FA1DB004ED59A /* RealmConfig.swift in Sources */,
				48679FD2208F46B000A6ECDA /* Date.swift in Sources */,
				48DBF6B720CA6A8A00A95FC5 /* SlideInPresentationManager.swift in Sources */,
				487D92452046C9B6008CB44E /* TaskCell.swift in Sources */,
				4818358520C3A82F00D444AC /* IssueDetailViewController.swift in Sources */,
				4848EC052047F68200B59315 /* TaskSection.swift in Sources */,
				485CA44D20BFBE1D0005D156 /* RepositoryViewModel.swift in Sources */,
				487A8F9A20636BF5001E5BD4 /* SubTask.swift in Sources */,
				487D923020454473008CB44E /* AuthService.swift in Sources */,
				487A8F9C206389E9001E5BD4 /* CircleProgressView.swift in Sources */,
				487D921520453808008CB44E /* BindableType.swift in Sources */,
				487D9233204547DC008CB44E /* UserDefaults.swift in Sources */,
				485CA44B20BFBDAD0005D156 /* RepositoryViewController.swift in Sources */,
				487D921920453F15008CB44E /* Scene.swift in Sources */,
				487D923520454811008CB44E /* Token.swift in Sources */,
				487D9229204542A8008CB44E /* LocalTaskService.swift in Sources */,
				4842DB272059348B0093B496 /* TagSection.swift in Sources */,
				487D923C2046B603008CB44E /* TaskItem.swift in Sources */,
				48480A1E205FA511004ED59A /* URL.swift in Sources */,
				487D923A20458E79008CB44E /* RxReachability.swift in Sources */,
				4883681620850085001F5688 /* Label.swift in Sources */,
				4818357620BFF53700D444AC /* GroupCell.swift in Sources */,
				4883681A2085EBC9001F5688 /* TotalSection.swift in Sources */,
				487D91EB20453735008CB44E /* AppDelegate.swift in Sources */,
				487D92232045411D008CB44E /* SceneCoordinatorType.swift in Sources */,
				4842DB2920596A610093B496 /* Tag.swift in Sources */,
				4818357D20C13A3900D444AC /* IssueViewModel.swift in Sources */,
				487D92422046BECD008CB44E /* IssueAPI.swift in Sources */,
				487D922520454135008CB44E /* SceneCoordinator.swift in Sources */,
				48912A7C206B693100599CB6 /* SubTaskCell.swift in Sources */,
				487D922720454142008CB44E /* SceneTransitionType.swift in Sources */,
				4848EC15204A8C5200B59315 /* Repository.swift in Sources */,
				4818358120C13D0900D444AC /* SyncViewController.swift in Sources */,
			);
			runOnlyForDeploymentPostprocessing = 0;
		};
		487D91F720453736008CB44E /* Sources */ = {
			isa = PBXSourcesBuildPhase;
			buildActionMask = 2147483647;
			files = (
			);
			runOnlyForDeploymentPostprocessing = 0;
		};
/* End PBXSourcesBuildPhase section */

/* Begin PBXTargetDependency section */
		487D91FD20453736008CB44E /* PBXTargetDependency */ = {
			isa = PBXTargetDependency;
			target = 487D91E620453735008CB44E /* Asparagus */;
			targetProxy = 487D91FC20453736008CB44E /* PBXContainerItemProxy */;
		};
/* End PBXTargetDependency section */

/* Begin PBXVariantGroup section */
		487D91F320453736008CB44E /* LaunchScreen.storyboard */ = {
			isa = PBXVariantGroup;
			children = (
				487D91F420453736008CB44E /* Base */,
			);
			name = LaunchScreen.storyboard;
			sourceTree = "<group>";
		};
/* End PBXVariantGroup section */

/* Begin XCBuildConfiguration section */
		487D920220453736008CB44E /* Debug */ = {
			isa = XCBuildConfiguration;
			buildSettings = {
				ALWAYS_SEARCH_USER_PATHS = NO;
				CLANG_ANALYZER_NONNULL = YES;
				CLANG_ANALYZER_NUMBER_OBJECT_CONVERSION = YES_AGGRESSIVE;
				CLANG_CXX_LANGUAGE_STANDARD = "gnu++14";
				CLANG_CXX_LIBRARY = "libc++";
				CLANG_ENABLE_MODULES = YES;
				CLANG_ENABLE_OBJC_ARC = YES;
				CLANG_WARN_BLOCK_CAPTURE_AUTORELEASING = YES;
				CLANG_WARN_BOOL_CONVERSION = YES;
				CLANG_WARN_COMMA = YES;
				CLANG_WARN_CONSTANT_CONVERSION = YES;
				CLANG_WARN_DEPRECATED_OBJC_IMPLEMENTATIONS = YES;
				CLANG_WARN_DIRECT_OBJC_ISA_USAGE = YES_ERROR;
				CLANG_WARN_DOCUMENTATION_COMMENTS = YES;
				CLANG_WARN_EMPTY_BODY = YES;
				CLANG_WARN_ENUM_CONVERSION = YES;
				CLANG_WARN_INFINITE_RECURSION = YES;
				CLANG_WARN_INT_CONVERSION = YES;
				CLANG_WARN_NON_LITERAL_NULL_CONVERSION = YES;
				CLANG_WARN_OBJC_IMPLICIT_RETAIN_SELF = YES;
				CLANG_WARN_OBJC_LITERAL_CONVERSION = YES;
				CLANG_WARN_OBJC_ROOT_CLASS = YES_ERROR;
				CLANG_WARN_RANGE_LOOP_ANALYSIS = YES;
				CLANG_WARN_STRICT_PROTOTYPES = YES;
				CLANG_WARN_SUSPICIOUS_MOVE = YES;
				CLANG_WARN_UNGUARDED_AVAILABILITY = YES_AGGRESSIVE;
				CLANG_WARN_UNREACHABLE_CODE = YES;
				CLANG_WARN__DUPLICATE_METHOD_MATCH = YES;
				CODE_SIGN_IDENTITY = "iPhone Developer";
				COPY_PHASE_STRIP = NO;
				DEBUG_INFORMATION_FORMAT = dwarf;
				ENABLE_BITCODE = YES;
				ENABLE_STRICT_OBJC_MSGSEND = YES;
				ENABLE_TESTABILITY = YES;
				GCC_C_LANGUAGE_STANDARD = gnu11;
				GCC_DYNAMIC_NO_PIC = NO;
				GCC_NO_COMMON_BLOCKS = YES;
				GCC_OPTIMIZATION_LEVEL = 0;
				GCC_PREPROCESSOR_DEFINITIONS = (
					"DEBUG=1",
					"$(inherited)",
				);
				GCC_WARN_64_TO_32_BIT_CONVERSION = YES;
				GCC_WARN_ABOUT_RETURN_TYPE = YES_ERROR;
				GCC_WARN_UNDECLARED_SELECTOR = YES;
				GCC_WARN_UNINITIALIZED_AUTOS = YES_AGGRESSIVE;
				GCC_WARN_UNUSED_FUNCTION = YES;
				GCC_WARN_UNUSED_VARIABLE = YES;
				IPHONEOS_DEPLOYMENT_TARGET = 10.2;
				MTL_ENABLE_DEBUG_INFO = YES;
				ONLY_ACTIVE_ARCH = YES;
				SDKROOT = iphoneos;
				SWIFT_ACTIVE_COMPILATION_CONDITIONS = DEBUG;
				SWIFT_OPTIMIZATION_LEVEL = "-Onone";
			};
			name = Debug;
		};
		487D920320453736008CB44E /* Release */ = {
			isa = XCBuildConfiguration;
			buildSettings = {
				ALWAYS_SEARCH_USER_PATHS = NO;
				CLANG_ANALYZER_NONNULL = YES;
				CLANG_ANALYZER_NUMBER_OBJECT_CONVERSION = YES_AGGRESSIVE;
				CLANG_CXX_LANGUAGE_STANDARD = "gnu++14";
				CLANG_CXX_LIBRARY = "libc++";
				CLANG_ENABLE_MODULES = YES;
				CLANG_ENABLE_OBJC_ARC = YES;
				CLANG_WARN_BLOCK_CAPTURE_AUTORELEASING = YES;
				CLANG_WARN_BOOL_CONVERSION = YES;
				CLANG_WARN_COMMA = YES;
				CLANG_WARN_CONSTANT_CONVERSION = YES;
				CLANG_WARN_DEPRECATED_OBJC_IMPLEMENTATIONS = YES;
				CLANG_WARN_DIRECT_OBJC_ISA_USAGE = YES_ERROR;
				CLANG_WARN_DOCUMENTATION_COMMENTS = YES;
				CLANG_WARN_EMPTY_BODY = YES;
				CLANG_WARN_ENUM_CONVERSION = YES;
				CLANG_WARN_INFINITE_RECURSION = YES;
				CLANG_WARN_INT_CONVERSION = YES;
				CLANG_WARN_NON_LITERAL_NULL_CONVERSION = YES;
				CLANG_WARN_OBJC_IMPLICIT_RETAIN_SELF = YES;
				CLANG_WARN_OBJC_LITERAL_CONVERSION = YES;
				CLANG_WARN_OBJC_ROOT_CLASS = YES_ERROR;
				CLANG_WARN_RANGE_LOOP_ANALYSIS = YES;
				CLANG_WARN_STRICT_PROTOTYPES = YES;
				CLANG_WARN_SUSPICIOUS_MOVE = YES;
				CLANG_WARN_UNGUARDED_AVAILABILITY = YES_AGGRESSIVE;
				CLANG_WARN_UNREACHABLE_CODE = YES;
				CLANG_WARN__DUPLICATE_METHOD_MATCH = YES;
				CODE_SIGN_IDENTITY = "iPhone Developer";
				COPY_PHASE_STRIP = NO;
				DEBUG_INFORMATION_FORMAT = "dwarf-with-dsym";
				ENABLE_BITCODE = YES;
				ENABLE_NS_ASSERTIONS = NO;
				ENABLE_STRICT_OBJC_MSGSEND = YES;
				GCC_C_LANGUAGE_STANDARD = gnu11;
				GCC_NO_COMMON_BLOCKS = YES;
				GCC_WARN_64_TO_32_BIT_CONVERSION = YES;
				GCC_WARN_ABOUT_RETURN_TYPE = YES_ERROR;
				GCC_WARN_UNDECLARED_SELECTOR = YES;
				GCC_WARN_UNINITIALIZED_AUTOS = YES_AGGRESSIVE;
				GCC_WARN_UNUSED_FUNCTION = YES;
				GCC_WARN_UNUSED_VARIABLE = YES;
				IPHONEOS_DEPLOYMENT_TARGET = 10.2;
				MTL_ENABLE_DEBUG_INFO = NO;
				SDKROOT = iphoneos;
				SWIFT_OPTIMIZATION_LEVEL = "-Owholemodule";
				VALIDATE_PRODUCT = YES;
			};
			name = Release;
		};
		487D920520453736008CB44E /* Debug */ = {
			isa = XCBuildConfiguration;
			baseConfigurationReference = BB77B9EC75F133E035909F2F /* Pods-Asparagus.debug.xcconfig */;
			buildSettings = {
				ASSETCATALOG_COMPILER_APPICON_NAME = AppIcon;
				CODE_SIGN_STYLE = Automatic;
				DEVELOPMENT_TEAM = CA736F4E8H;
				ENABLE_BITCODE = YES;
				INFOPLIST_FILE = "$(SRCROOT)/Asparagus/Assets/Info.plist";
				LD_RUNPATH_SEARCH_PATHS = "$(inherited) @executable_path/Frameworks";
				PRODUCT_BUNDLE_IDENTIFIER = Asparagus;
				PRODUCT_NAME = "$(TARGET_NAME)";
				SWIFT_VERSION = 4.0;
				TARGETED_DEVICE_FAMILY = 1;
			};
			name = Debug;
		};
		487D920620453736008CB44E /* Release */ = {
			isa = XCBuildConfiguration;
			baseConfigurationReference = 59D5D244A929E24EA7E1F6B2 /* Pods-Asparagus.release.xcconfig */;
			buildSettings = {
				ASSETCATALOG_COMPILER_APPICON_NAME = AppIcon;
				CODE_SIGN_STYLE = Automatic;
				DEVELOPMENT_TEAM = CA736F4E8H;
				ENABLE_BITCODE = YES;
				INFOPLIST_FILE = "$(SRCROOT)/Asparagus/Assets/Info.plist";
				LD_RUNPATH_SEARCH_PATHS = "$(inherited) @executable_path/Frameworks";
				PRODUCT_BUNDLE_IDENTIFIER = Asparagus;
				PRODUCT_NAME = "$(TARGET_NAME)";
				SWIFT_VERSION = 4.0;
				TARGETED_DEVICE_FAMILY = 1;
			};
			name = Release;
		};
		487D920820453736008CB44E /* Debug */ = {
			isa = XCBuildConfiguration;
			baseConfigurationReference = 55500856096F4F18E140674D /* Pods-AsparagusTests.debug.xcconfig */;
			buildSettings = {
				ALWAYS_EMBED_SWIFT_STANDARD_LIBRARIES = YES;
				BUNDLE_LOADER = "$(TEST_HOST)";
				CODE_SIGN_STYLE = Automatic;
				DEVELOPMENT_TEAM = J6JJA4UC5Z;
				INFOPLIST_FILE = AsparagusTests/Info.plist;
				LD_RUNPATH_SEARCH_PATHS = "$(inherited) @executable_path/Frameworks @loader_path/Frameworks";
				PRODUCT_BUNDLE_IDENTIFIER = com.samchon.HereIssueTests;
				PRODUCT_NAME = "$(TARGET_NAME)";
				SWIFT_VERSION = 4.0;
				TARGETED_DEVICE_FAMILY = "1,2";
				TEST_HOST = "$(BUILT_PRODUCTS_DIR)/Asparagus.temp_caseinsensitive_rename.app/Asparagus.temp_caseinsensitive_rename";
			};
			name = Debug;
		};
		487D920920453736008CB44E /* Release */ = {
			isa = XCBuildConfiguration;
			baseConfigurationReference = E54EC93D805BAAE31F0AEB68 /* Pods-AsparagusTests.release.xcconfig */;
			buildSettings = {
				ALWAYS_EMBED_SWIFT_STANDARD_LIBRARIES = YES;
				BUNDLE_LOADER = "$(TEST_HOST)";
				CODE_SIGN_STYLE = Automatic;
				DEVELOPMENT_TEAM = J6JJA4UC5Z;
				INFOPLIST_FILE = AsparagusTests/Info.plist;
				LD_RUNPATH_SEARCH_PATHS = "$(inherited) @executable_path/Frameworks @loader_path/Frameworks";
				PRODUCT_BUNDLE_IDENTIFIER = com.samchon.HereIssueTests;
				PRODUCT_NAME = "$(TARGET_NAME)";
				SWIFT_VERSION = 4.0;
				TARGETED_DEVICE_FAMILY = "1,2";
				TEST_HOST = "$(BUILT_PRODUCTS_DIR)/Asparagus.temp_caseinsensitive_rename.app/Asparagus.temp_caseinsensitive_rename";
			};
			name = Release;
		};
/* End XCBuildConfiguration section */

/* Begin XCConfigurationList section */
		487D91E220453735008CB44E /* Build configuration list for PBXProject "Asparagus" */ = {
			isa = XCConfigurationList;
			buildConfigurations = (
				487D920220453736008CB44E /* Debug */,
				487D920320453736008CB44E /* Release */,
			);
			defaultConfigurationIsVisible = 0;
			defaultConfigurationName = Release;
		};
		487D920420453736008CB44E /* Build configuration list for PBXNativeTarget "Asparagus" */ = {
			isa = XCConfigurationList;
			buildConfigurations = (
				487D920520453736008CB44E /* Debug */,
				487D920620453736008CB44E /* Release */,
			);
			defaultConfigurationIsVisible = 0;
			defaultConfigurationName = Release;
		};
		487D920720453736008CB44E /* Build configuration list for PBXNativeTarget "AsparagusTests" */ = {
			isa = XCConfigurationList;
			buildConfigurations = (
				487D920820453736008CB44E /* Debug */,
				487D920920453736008CB44E /* Release */,
			);
			defaultConfigurationIsVisible = 0;
			defaultConfigurationName = Release;
		};
/* End XCConfigurationList section */
	};
	rootObject = 487D91DF20453735008CB44E /* Project object */;
}
